// !$*UTF8*$!
{
	archiveVersion = 1;
	classes = {
	};
	objectVersion = 56;
	objects = {

/* Begin PBXBuildFile section */
		896891AC2A0730E70049AFDD /* mapApp.swift in Sources */ = {isa = PBXBuildFile; fileRef = 896891AB2A0730E70049AFDD /* mapApp.swift */; };
		896891AE2A0730E70049AFDD /* ContentView.swift in Sources */ = {isa = PBXBuildFile; fileRef = 896891AD2A0730E70049AFDD /* ContentView.swift */; };
		896891B02A0730EB0049AFDD /* Assets.xcassets in Resources */ = {isa = PBXBuildFile; fileRef = 896891AF2A0730EB0049AFDD /* Assets.xcassets */; };
		896891B32A0730EB0049AFDD /* Preview Assets.xcassets in Resources */ = {isa = PBXBuildFile; fileRef = 896891B22A0730EB0049AFDD /* Preview Assets.xcassets */; };
		896891BD2A0730EB0049AFDD /* mapTests.swift in Sources */ = {isa = PBXBuildFile; fileRef = 896891BC2A0730EB0049AFDD /* mapTests.swift */; };
		896891C72A0730EB0049AFDD /* mapUITests.swift in Sources */ = {isa = PBXBuildFile; fileRef = 896891C62A0730EB0049AFDD /* mapUITests.swift */; };
		896891C92A0730EB0049AFDD /* mapUITestsLaunchTests.swift in Sources */ = {isa = PBXBuildFile; fileRef = 896891C82A0730EB0049AFDD /* mapUITestsLaunchTests.swift */; };
		89725B852A09549A001D26ED /* LocationStruct.swift in Sources */ = {isa = PBXBuildFile; fileRef = 89725B842A09549A001D26ED /* LocationStruct.swift */; };
		89725B872A095524001D26ED /* ContentViewModel.swift in Sources */ = {isa = PBXBuildFile; fileRef = 89725B862A095524001D26ED /* ContentViewModel.swift */; };
		89725B892A099776001D26ED /* mymodel.swift in Sources */ = {isa = PBXBuildFile; fileRef = 89725B882A099776001D26ED /* mymodel.swift */; };
/* End PBXBuildFile section */

/* Begin PBXContainerItemProxy section */
		896891B92A0730EB0049AFDD /* PBXContainerItemProxy */ = {
			isa = PBXContainerItemProxy;
			containerPortal = 896891A02A0730E70049AFDD /* Project object */;
			proxyType = 1;
			remoteGlobalIDString = 896891A72A0730E70049AFDD;
			remoteInfo = map;
		};
		896891C32A0730EB0049AFDD /* PBXContainerItemProxy */ = {
			isa = PBXContainerItemProxy;
			containerPortal = 896891A02A0730E70049AFDD /* Project object */;
			proxyType = 1;
			remoteGlobalIDString = 896891A72A0730E70049AFDD;
			remoteInfo = map;
		};
/* End PBXContainerItemProxy section */

/* Begin PBXFileReference section */
		896891A82A0730E70049AFDD /* map.app */ = {isa = PBXFileReference; explicitFileType = wrapper.application; includeInIndex = 0; path = map.app; sourceTree = BUILT_PRODUCTS_DIR; };
		896891AB2A0730E70049AFDD /* mapApp.swift */ = {isa = PBXFileReference; lastKnownFileType = sourcecode.swift; path = mapApp.swift; sourceTree = "<group>"; };
		896891AD2A0730E70049AFDD /* ContentView.swift */ = {isa = PBXFileReference; lastKnownFileType = sourcecode.swift; path = ContentView.swift; sourceTree = "<group>"; };
		896891AF2A0730EB0049AFDD /* Assets.xcassets */ = {isa = PBXFileReference; lastKnownFileType = folder.assetcatalog; path = Assets.xcassets; sourceTree = "<group>"; };
		896891B22A0730EB0049AFDD /* Preview Assets.xcassets */ = {isa = PBXFileReference; lastKnownFileType = folder.assetcatalog; path = "Preview Assets.xcassets"; sourceTree = "<group>"; };
		896891B82A0730EB0049AFDD /* mapTests.xctest */ = {isa = PBXFileReference; explicitFileType = wrapper.cfbundle; includeInIndex = 0; path = mapTests.xctest; sourceTree = BUILT_PRODUCTS_DIR; };
		896891BC2A0730EB0049AFDD /* mapTests.swift */ = {isa = PBXFileReference; lastKnownFileType = sourcecode.swift; path = mapTests.swift; sourceTree = "<group>"; };
		896891C22A0730EB0049AFDD /* mapUITests.xctest */ = {isa = PBXFileReference; explicitFileType = wrapper.cfbundle; includeInIndex = 0; path = mapUITests.xctest; sourceTree = BUILT_PRODUCTS_DIR; };
		896891C62A0730EB0049AFDD /* mapUITests.swift */ = {isa = PBXFileReference; lastKnownFileType = sourcecode.swift; path = mapUITests.swift; sourceTree = "<group>"; };
		896891C82A0730EB0049AFDD /* mapUITestsLaunchTests.swift */ = {isa = PBXFileReference; lastKnownFileType = sourcecode.swift; path = mapUITestsLaunchTests.swift; sourceTree = "<group>"; };
		89725B842A09549A001D26ED /* LocationStruct.swift */ = {isa = PBXFileReference; lastKnownFileType = sourcecode.swift; path = LocationStruct.swift; sourceTree = "<group>"; };
		89725B862A095524001D26ED /* ContentViewModel.swift */ = {isa = PBXFileReference; lastKnownFileType = sourcecode.swift; path = ContentViewModel.swift; sourceTree = "<group>"; };
		89725B882A099776001D26ED /* mymodel.swift */ = {isa = PBXFileReference; lastKnownFileType = sourcecode.swift; path = mymodel.swift; sourceTree = "<group>"; };
/* End PBXFileReference section */

/* Begin PBXFrameworksBuildPhase section */
		896891A52A0730E70049AFDD /* Frameworks */ = {
			isa = PBXFrameworksBuildPhase;
			buildActionMask = 2147483647;
			files = (
			);
			runOnlyForDeploymentPostprocessing = 0;
		};
		896891B52A0730EB0049AFDD /* Frameworks */ = {
			isa = PBXFrameworksBuildPhase;
			buildActionMask = 2147483647;
			files = (
			);
			runOnlyForDeploymentPostprocessing = 0;
		};
		896891BF2A0730EB0049AFDD /* Frameworks */ = {
			isa = PBXFrameworksBuildPhase;
			buildActionMask = 2147483647;
			files = (
			);
			runOnlyForDeploymentPostprocessing = 0;
		};
/* End PBXFrameworksBuildPhase section */

/* Begin PBXGroup section */
		8968919F2A0730E70049AFDD = {
			isa = PBXGroup;
			children = (
				896891AA2A0730E70049AFDD /* map */,
				896891BB2A0730EB0049AFDD /* mapTests */,
				896891C52A0730EB0049AFDD /* mapUITests */,
				896891A92A0730E70049AFDD /* Products */,
			);
			sourceTree = "<group>";
		};
		896891A92A0730E70049AFDD /* Products */ = {
			isa = PBXGroup;
			children = (
				896891A82A0730E70049AFDD /* map.app */,
				896891B82A0730EB0049AFDD /* mapTests.xctest */,
				896891C22A0730EB0049AFDD /* mapUITests.xctest */,
			);
			name = Products;
			sourceTree = "<group>";
		};
		896891AA2A0730E70049AFDD /* map */ = {
			isa = PBXGroup;
			children = (
				896891AB2A0730E70049AFDD /* mapApp.swift */,
				896891AD2A0730E70049AFDD /* ContentView.swift */,
				89725B862A095524001D26ED /* ContentViewModel.swift */,
				89725B882A099776001D26ED /* mymodel.swift */,
				89725B842A09549A001D26ED /* LocationStruct.swift */,
				896891AF2A0730EB0049AFDD /* Assets.xcassets */,
				896891B12A0730EB0049AFDD /* Preview Content */,
			);
			path = map;
			sourceTree = "<group>";
		};
		896891B12A0730EB0049AFDD /* Preview Content */ = {
			isa = PBXGroup;
			children = (
				896891B22A0730EB0049AFDD /* Preview Assets.xcassets */,
			);
			path = "Preview Content";
			sourceTree = "<group>";
		};
		896891BB2A0730EB0049AFDD /* mapTests */ = {
			isa = PBXGroup;
			children = (
				896891BC2A0730EB0049AFDD /* mapTests.swift */,
			);
			path = mapTests;
			sourceTree = "<group>";
		};
		896891C52A0730EB0049AFDD /* mapUITests */ = {
			isa = PBXGroup;
			children = (
				896891C62A0730EB0049AFDD /* mapUITests.swift */,
				896891C82A0730EB0049AFDD /* mapUITestsLaunchTests.swift */,
			);
			path = mapUITests;
			sourceTree = "<group>";
		};
/* End PBXGroup section */

/* Begin PBXNativeTarget section */
		896891A72A0730E70049AFDD /* map */ = {
			isa = PBXNativeTarget;
			buildConfigurationList = 896891CC2A0730EB0049AFDD /* Build configuration list for PBXNativeTarget "map" */;
			buildPhases = (
				896891A42A0730E70049AFDD /* Sources */,
				896891A52A0730E70049AFDD /* Frameworks */,
				896891A62A0730E70049AFDD /* Resources */,
			);
			buildRules = (
			);
			dependencies = (
			);
			name = map;
			productName = map;
			productReference = 896891A82A0730E70049AFDD /* map.app */;
			productType = "com.apple.product-type.application";
		};
		896891B72A0730EB0049AFDD /* mapTests */ = {
			isa = PBXNativeTarget;
			buildConfigurationList = 896891CF2A0730EB0049AFDD /* Build configuration list for PBXNativeTarget "mapTests" */;
			buildPhases = (
				896891B42A0730EB0049AFDD /* Sources */,
				896891B52A0730EB0049AFDD /* Frameworks */,
				896891B62A0730EB0049AFDD /* Resources */,
			);
			buildRules = (
			);
			dependencies = (
				896891BA2A0730EB0049AFDD /* PBXTargetDependency */,
			);
			name = mapTests;
			productName = mapTests;
			productReference = 896891B82A0730EB0049AFDD /* mapTests.xctest */;
			productType = "com.apple.product-type.bundle.unit-test";
		};
		896891C12A0730EB0049AFDD /* mapUITests */ = {
			isa = PBXNativeTarget;
			buildConfigurationList = 896891D22A0730EB0049AFDD /* Build configuration list for PBXNativeTarget "mapUITests" */;
			buildPhases = (
				896891BE2A0730EB0049AFDD /* Sources */,
				896891BF2A0730EB0049AFDD /* Frameworks */,
				896891C02A0730EB0049AFDD /* Resources */,
			);
			buildRules = (
			);
			dependencies = (
				896891C42A0730EB0049AFDD /* PBXTargetDependency */,
			);
			name = mapUITests;
			productName = mapUITests;
			productReference = 896891C22A0730EB0049AFDD /* mapUITests.xctest */;
			productType = "com.apple.product-type.bundle.ui-testing";
		};
/* End PBXNativeTarget section */

/* Begin PBXProject section */
		896891A02A0730E70049AFDD /* Project object */ = {
			isa = PBXProject;
			attributes = {
				BuildIndependentTargetsInParallel = 1;
				LastSwiftUpdateCheck = 1420;
				LastUpgradeCheck = 1420;
				TargetAttributes = {
					896891A72A0730E70049AFDD = {
						CreatedOnToolsVersion = 14.2;
					};
					896891B72A0730EB0049AFDD = {
						CreatedOnToolsVersion = 14.2;
						TestTargetID = 896891A72A0730E70049AFDD;
					};
					896891C12A0730EB0049AFDD = {
						CreatedOnToolsVersion = 14.2;
						TestTargetID = 896891A72A0730E70049AFDD;
					};
				};
			};
			buildConfigurationList = 896891A32A0730E70049AFDD /* Build configuration list for PBXProject "map" */;
			compatibilityVersion = "Xcode 14.0";
			developmentRegion = en;
			hasScannedForEncodings = 0;
			knownRegions = (
				en,
				Base,
			);
			mainGroup = 8968919F2A0730E70049AFDD;
			productRefGroup = 896891A92A0730E70049AFDD /* Products */;
			projectDirPath = "";
			projectRoot = "";
			targets = (
				896891A72A0730E70049AFDD /* map */,
				896891B72A0730EB0049AFDD /* mapTests */,
				896891C12A0730EB0049AFDD /* mapUITests */,
			);
		};
/* End PBXProject section */

/* Begin PBXResourcesBuildPhase section */
		896891A62A0730E70049AFDD /* Resources */ = {
			isa = PBXResourcesBuildPhase;
			buildActionMask = 2147483647;
			files = (
				896891B32A0730EB0049AFDD /* Preview Assets.xcassets in Resources */,
				896891B02A0730EB0049AFDD /* Assets.xcassets in Resources */,
			);
			runOnlyForDeploymentPostprocessing = 0;
		};
		896891B62A0730EB0049AFDD /* Resources */ = {
			isa = PBXResourcesBuildPhase;
			buildActionMask = 2147483647;
			files = (
			);
			runOnlyForDeploymentPostprocessing = 0;
		};
		896891C02A0730EB0049AFDD /* Resources */ = {
			isa = PBXResourcesBuildPhase;
			buildActionMask = 2147483647;
			files = (
			);
			runOnlyForDeploymentPostprocessing = 0;
		};
/* End PBXResourcesBuildPhase section */

/* Begin PBXSourcesBuildPhase section */
		896891A42A0730E70049AFDD /* Sources */ = {
			isa = PBXSourcesBuildPhase;
			buildActionMask = 2147483647;
			files = (
				89725B872A095524001D26ED /* ContentViewModel.swift in Sources */,
				89725B852A09549A001D26ED /* LocationStruct.swift in Sources */,
				896891AE2A0730E70049AFDD /* ContentView.swift in Sources */,
				89725B892A099776001D26ED /* mymodel.swift in Sources */,
				896891AC2A0730E70049AFDD /* mapApp.swift in Sources */,
			);
			runOnlyForDeploymentPostprocessing = 0;
		};
		896891B42A0730EB0049AFDD /* Sources */ = {
			isa = PBXSourcesBuildPhase;
			buildActionMask = 2147483647;
			files = (
				896891BD2A0730EB0049AFDD /* mapTests.swift in Sources */,
			);
			runOnlyForDeploymentPostprocessing = 0;
		};
		896891BE2A0730EB0049AFDD /* Sources */ = {
			isa = PBXSourcesBuildPhase;
			buildActionMask = 2147483647;
			files = (
				896891C72A0730EB0049AFDD /* mapUITests.swift in Sources */,
				896891C92A0730EB0049AFDD /* mapUITestsLaunchTests.swift in Sources */,
			);
			runOnlyForDeploymentPostprocessing = 0;
		};
/* End PBXSourcesBuildPhase section */

/* Begin PBXTargetDependency section */
		896891BA2A0730EB0049AFDD /* PBXTargetDependency */ = {
			isa = PBXTargetDependency;
			target = 896891A72A0730E70049AFDD /* map */;
			targetProxy = 896891B92A0730EB0049AFDD /* PBXContainerItemProxy */;
		};
		896891C42A0730EB0049AFDD /* PBXTargetDependency */ = {
			isa = PBXTargetDependency;
			target = 896891A72A0730E70049AFDD /* map */;
			targetProxy = 896891C32A0730EB0049AFDD /* PBXContainerItemProxy */;
		};
/* End PBXTargetDependency section */

/* Begin XCBuildConfiguration section */
		896891CA2A0730EB0049AFDD /* Debug */ = {
			isa = XCBuildConfiguration;
			buildSettings = {
				ALWAYS_SEARCH_USER_PATHS = NO;
				CLANG_ANALYZER_NONNULL = YES;
				CLANG_ANALYZER_NUMBER_OBJECT_CONVERSION = YES_AGGRESSIVE;
				CLANG_CXX_LANGUAGE_STANDARD = "gnu++20";
				CLANG_ENABLE_MODULES = YES;
				CLANG_ENABLE_OBJC_ARC = YES;
				CLANG_ENABLE_OBJC_WEAK = YES;
				CLANG_WARN_BLOCK_CAPTURE_AUTORELEASING = YES;
				CLANG_WARN_BOOL_CONVERSION = YES;
				CLANG_WARN_COMMA = YES;
				CLANG_WARN_CONSTANT_CONVERSION = YES;
				CLANG_WARN_DEPRECATED_OBJC_IMPLEMENTATIONS = YES;
				CLANG_WARN_DIRECT_OBJC_ISA_USAGE = YES_ERROR;
				CLANG_WARN_DOCUMENTATION_COMMENTS = YES;
				CLANG_WARN_EMPTY_BODY = YES;
				CLANG_WARN_ENUM_CONVERSION = YES;
				CLANG_WARN_INFINITE_RECURSION = YES;
				CLANG_WARN_INT_CONVERSION = YES;
				CLANG_WARN_NON_LITERAL_NULL_CONVERSION = YES;
				CLANG_WARN_OBJC_IMPLICIT_RETAIN_SELF = YES;
				CLANG_WARN_OBJC_LITERAL_CONVERSION = YES;
				CLANG_WARN_OBJC_ROOT_CLASS = YES_ERROR;
				CLANG_WARN_QUOTED_INCLUDE_IN_FRAMEWORK_HEADER = YES;
				CLANG_WARN_RANGE_LOOP_ANALYSIS = YES;
				CLANG_WARN_STRICT_PROTOTYPES = YES;
				CLANG_WARN_SUSPICIOUS_MOVE = YES;
				CLANG_WARN_UNGUARDED_AVAILABILITY = YES_AGGRESSIVE;
				CLANG_WARN_UNREACHABLE_CODE = YES;
				CLANG_WARN__DUPLICATE_METHOD_MATCH = YES;
				COPY_PHASE_STRIP = NO;
				DEBUG_INFORMATION_FORMAT = dwarf;
				ENABLE_STRICT_OBJC_MSGSEND = YES;
				ENABLE_TESTABILITY = YES;
				GCC_C_LANGUAGE_STANDARD = gnu11;
				GCC_DYNAMIC_NO_PIC = NO;
				GCC_NO_COMMON_BLOCKS = YES;
				GCC_OPTIMIZATION_LEVEL = 0;
				GCC_PREPROCESSOR_DEFINITIONS = (
					"DEBUG=1",
					"$(inherited)",
				);
				GCC_WARN_64_TO_32_BIT_CONVERSION = YES;
				GCC_WARN_ABOUT_RETURN_TYPE = YES_ERROR;
				GCC_WARN_UNDECLARED_SELECTOR = YES;
				GCC_WARN_UNINITIALIZED_AUTOS = YES_AGGRESSIVE;
				GCC_WARN_UNUSED_FUNCTION = YES;
				GCC_WARN_UNUSED_VARIABLE = YES;
				IPHONEOS_DEPLOYMENT_TARGET = 16.2;
				MTL_ENABLE_DEBUG_INFO = INCLUDE_SOURCE;
				MTL_FAST_MATH = YES;
				ONLY_ACTIVE_ARCH = YES;
				SDKROOT = iphoneos;
				SWIFT_ACTIVE_COMPILATION_CONDITIONS = DEBUG;
				SWIFT_OPTIMIZATION_LEVEL = "-Onone";
			};
			name = Debug;
		};
		896891CB2A0730EB0049AFDD /* Release */ = {
			isa = XCBuildConfiguration;
			buildSettings = {
				ALWAYS_SEARCH_USER_PATHS = NO;
				CLANG_ANALYZER_NONNULL = YES;
				CLANG_ANALYZER_NUMBER_OBJECT_CONVERSION = YES_AGGRESSIVE;
				CLANG_CXX_LANGUAGE_STANDARD = "gnu++20";
				CLANG_ENABLE_MODULES = YES;
				CLANG_ENABLE_OBJC_ARC = YES;
				CLANG_ENABLE_OBJC_WEAK = YES;
				CLANG_WARN_BLOCK_CAPTURE_AUTORELEASING = YES;
				CLANG_WARN_BOOL_CONVERSION = YES;
				CLANG_WARN_COMMA = YES;
				CLANG_WARN_CONSTANT_CONVERSION = YES;
				CLANG_WARN_DEPRECATED_OBJC_IMPLEMENTATIONS = YES;
				CLANG_WARN_DIRECT_OBJC_ISA_USAGE = YES_ERROR;
				CLANG_WARN_DOCUMENTATION_COMMENTS = YES;
				CLANG_WARN_EMPTY_BODY = YES;
				CLANG_WARN_ENUM_CONVERSION = YES;
				CLANG_WARN_INFINITE_RECURSION = YES;
				CLANG_WARN_INT_CONVERSION = YES;
				CLANG_WARN_NON_LITERAL_NULL_CONVERSION = YES;
				CLANG_WARN_OBJC_IMPLICIT_RETAIN_SELF = YES;
				CLANG_WARN_OBJC_LITERAL_CONVERSION = YES;
				CLANG_WARN_OBJC_ROOT_CLASS = YES_ERROR;
				CLANG_WARN_QUOTED_INCLUDE_IN_FRAMEWORK_HEADER = YES;
				CLANG_WARN_RANGE_LOOP_ANALYSIS = YES;
				CLANG_WARN_STRICT_PROTOTYPES = YES;
				CLANG_WARN_SUSPICIOUS_MOVE = YES;
				CLANG_WARN_UNGUARDED_AVAILABILITY = YES_AGGRESSIVE;
				CLANG_WARN_UNREACHABLE_CODE = YES;
				CLANG_WARN__DUPLICATE_METHOD_MATCH = YES;
				COPY_PHASE_STRIP = NO;
				DEBUG_INFORMATION_FORMAT = "dwarf-with-dsym";
				ENABLE_NS_ASSERTIONS = NO;
				ENABLE_STRICT_OBJC_MSGSEND = YES;
				GCC_C_LANGUAGE_STANDARD = gnu11;
				GCC_NO_COMMON_BLOCKS = YES;
				GCC_WARN_64_TO_32_BIT_CONVERSION = YES;
				GCC_WARN_ABOUT_RETURN_TYPE = YES_ERROR;
				GCC_WARN_UNDECLARED_SELECTOR = YES;
				GCC_WARN_UNINITIALIZED_AUTOS = YES_AGGRESSIVE;
				GCC_WARN_UNUSED_FUNCTION = YES;
				GCC_WARN_UNUSED_VARIABLE = YES;
				IPHONEOS_DEPLOYMENT_TARGET = 16.2;
				MTL_ENABLE_DEBUG_INFO = NO;
				MTL_FAST_MATH = YES;
				SDKROOT = iphoneos;
				SWIFT_COMPILATION_MODE = wholemodule;
				SWIFT_OPTIMIZATION_LEVEL = "-O";
				VALIDATE_PRODUCT = YES;
			};
			name = Release;
		};
		896891CD2A0730EB0049AFDD /* Debug */ = {
			isa = XCBuildConfiguration;
			buildSettings = {
				ASSETCATALOG_COMPILER_APPICON_NAME = AppIcon;
				ASSETCATALOG_COMPILER_GLOBAL_ACCENT_COLOR_NAME = AccentColor;
				CODE_SIGN_STYLE = Automatic;
				CURRENT_PROJECT_VERSION = 1;
				DEVELOPMENT_ASSET_PATHS = "\"map/Preview Content\"";
				DEVELOPMENT_TEAM = 8XRTPFHC3P;
				ENABLE_PREVIEWS = YES;
				GENERATE_INFOPLIST_FILE = YES;
				INFOPLIST_KEY_NSLocationAlwaysUsageDescription = allow;
				INFOPLIST_KEY_NSLocationUsageDescription = allow;
				INFOPLIST_KEY_NSLocationWhenInUseUsageDescription = "please allow the location ";
				INFOPLIST_KEY_UIApplicationSceneManifest_Generation = YES;
				INFOPLIST_KEY_UIApplicationSupportsIndirectInputEvents = YES;
				INFOPLIST_KEY_UILaunchScreen_Generation = YES;
				INFOPLIST_KEY_UISupportedInterfaceOrientations_iPad = "UIInterfaceOrientationPortrait UIInterfaceOrientationPortraitUpsideDown UIInterfaceOrientationLandscapeLeft UIInterfaceOrientationLandscapeRight";
				INFOPLIST_KEY_UISupportedInterfaceOrientations_iPhone = "UIInterfaceOrientationPortrait UIInterfaceOrientationLandscapeLeft UIInterfaceOrientationLandscapeRight";
				LD_RUNPATH_SEARCH_PATHS = (
					"$(inherited)",
					"@executable_path/Frameworks",
				);
				MARKETING_VERSION = 1.0;
				PRODUCT_BUNDLE_IDENTIFIER = twq.map;
				PRODUCT_NAME = "$(TARGET_NAME)";
				SWIFT_EMIT_LOC_STRINGS = YES;
				SWIFT_VERSION = 5.0;
				TARGETED_DEVICE_FAMILY = "1,2";
			};
			name = Debug;
		};
		896891CE2A0730EB0049AFDD /* Release */ = {
			isa = XCBuildConfiguration;
			buildSettings = {
				ASSETCATALOG_COMPILER_APPICON_NAME = AppIcon;
				ASSETCATALOG_COMPILER_GLOBAL_ACCENT_COLOR_NAME = AccentColor;
				CODE_SIGN_STYLE = Automatic;
				CURRENT_PROJECT_VERSION = 1;
				DEVELOPMENT_ASSET_PATHS = "\"map/Preview Content\"";
				DEVELOPMENT_TEAM = 8XRTPFHC3P;
				ENABLE_PREVIEWS = YES;
				GENERATE_INFOPLIST_FILE = YES;
				INFOPLIST_KEY_NSLocationAlwaysUsageDescription = allow;
				INFOPLIST_KEY_NSLocationUsageDescription = allow;
				INFOPLIST_KEY_NSLocationWhenInUseUsageDescription = "please allow the location ";
				INFOPLIST_KEY_UIApplicationSceneManifest_Generation = YES;
				INFOPLIST_KEY_UIApplicationSupportsIndirectInputEvents = YES;
				INFOPLIST_KEY_UILaunchScreen_Generation = YES;
				INFOPLIST_KEY_UISupportedInterfaceOrientations_iPad = "UIInterfaceOrientationPortrait UIInterfaceOrientationPortraitUpsideDown UIInterfaceOrientationLandscapeLeft UIInterfaceOrientationLandscapeRight";
				INFOPLIST_KEY_UISupportedInterfaceOrientations_iPhone = "UIInterfaceOrientationPortrait UIInterfaceOrientationLandscapeLeft UIInterfaceOrientationLandscapeRight";
				LD_RUNPATH_SEARCH_PATHS = (
					"$(inherited)",
					"@executable_path/Frameworks",
				);
				MARKETING_VERSION = 1.0;
				PRODUCT_BUNDLE_IDENTIFIER = twq.map;
				PRODUCT_NAME = "$(TARGET_NAME)";
				SWIFT_EMIT_LOC_STRINGS = YES;
				SWIFT_VERSION = 5.0;
				TARGETED_DEVICE_FAMILY = "1,2";
			};
			name = Release;
		};
		896891D02A0730EB0049AFDD /* Debug */ = {
			isa = XCBuildConfiguration;
			buildSettings = {
				ALWAYS_EMBED_SWIFT_STANDARD_LIBRARIES = YES;
				BUNDLE_LOADER = "$(TEST_HOST)";
				CODE_SIGN_STYLE = Automatic;
				CURRENT_PROJECT_VERSION = 1;
				DEVELOPMENT_TEAM = 8XRTPFHC3P;
				GENERATE_INFOPLIST_FILE = YES;
				IPHONEOS_DEPLOYMENT_TARGET = 16.2;
				MARKETING_VERSION = 1.0;
				PRODUCT_BUNDLE_IDENTIFIER = twq.mapTests;
				PRODUCT_NAME = "$(TARGET_NAME)";
				SWIFT_EMIT_LOC_STRINGS = NO;
				SWIFT_VERSION = 5.0;
				TARGETED_DEVICE_FAMILY = "1,2";
				TEST_HOST = "$(BUILT_PRODUCTS_DIR)/map.app/$(BUNDLE_EXECUTABLE_FOLDER_PATH)/map";
			};
			name = Debug;
		};
		896891D12A0730EB0049AFDD /* Release */ = {
			isa = XCBuildConfiguration;
			buildSettings = {
				ALWAYS_EMBED_SWIFT_STANDARD_LIBRARIES = YES;
				BUNDLE_LOADER = "$(TEST_HOST)";
				CODE_SIGN_STYLE = Automatic;
				CURRENT_PROJECT_VERSION = 1;
				DEVELOPMENT_TEAM = 8XRTPFHC3P;
				GENERATE_INFOPLIST_FILE = YES;
				IPHONEOS_DEPLOYMENT_TARGET = 16.2;
				MARKETING_VERSION = 1.0;
				PRODUCT_BUNDLE_IDENTIFIER = twq.mapTests;
				PRODUCT_NAME = "$(TARGET_NAME)";
				SWIFT_EMIT_LOC_STRINGS = NO;
				SWIFT_VERSION = 5.0;
				TARGETED_DEVICE_FAMILY = "1,2";
				TEST_HOST = "$(BUILT_PRODUCTS_DIR)/map.app/$(BUNDLE_EXECUTABLE_FOLDER_PATH)/map";
			};
			name = Release;
		};
		896891D32A0730EB0049AFDD /* Debug */ = {
			isa = XCBuildConfiguration;
			buildSettings = {
				ALWAYS_EMBED_SWIFT_STANDARD_LIBRARIES = YES;
				CODE_SIGN_STYLE = Automatic;
				CURRENT_PROJECT_VERSION = 1;
				DEVELOPMENT_TEAM = 8XRTPFHC3P;
				GENERATE_INFOPLIST_FILE = YES;
				MARKETING_VERSION = 1.0;
				PRODUCT_BUNDLE_IDENTIFIER = twq.mapUITests;
				PRODUCT_NAME = "$(TARGET_NAME)";
				SWIFT_EMIT_LOC_STRINGS = NO;
				SWIFT_VERSION = 5.0;
				TARGETED_DEVICE_FAMILY = "1,2";
				TEST_TARGET_NAME = map;
			};
			name = Debug;
		};
		896891D42A0730EB0049AFDD /* Release */ = {
			isa = XCBuildConfiguration;
			buildSettings = {
				ALWAYS_EMBED_SWIFT_STANDARD_LIBRARIES = YES;
				CODE_SIGN_STYLE = Automatic;
				CURRENT_PROJECT_VERSION = 1;
				DEVELOPMENT_TEAM = 8XRTPFHC3P;
				GENERATE_INFOPLIST_FILE = YES;
				MARKETING_VERSION = 1.0;
				PRODUCT_BUNDLE_IDENTIFIER = twq.mapUITests;
				PRODUCT_NAME = "$(TARGET_NAME)";
				SWIFT_EMIT_LOC_STRINGS = NO;
				SWIFT_VERSION = 5.0;
				TARGETED_DEVICE_FAMILY = "1,2";
				TEST_TARGET_NAME = map;
			};
			name = Release;
		};
/* End XCBuildConfiguration section */

/* Begin XCConfigurationList section */
		896891A32A0730E70049AFDD /* Build configuration list for PBXProject "map" */ = {
			isa = XCConfigurationList;
			buildConfigurations = (
				896891CA2A0730EB0049AFDD /* Debug */,
				896891CB2A0730EB0049AFDD /* Release */,
			);
			defaultConfigurationIsVisible = 0;
			defaultConfigurationName = Release;
		};
		896891CC2A0730EB0049AFDD /* Build configuration list for PBXNativeTarget "map" */ = {
			isa = XCConfigurationList;
			buildConfigurations = (
				896891CD2A0730EB0049AFDD /* Debug */,
				896891CE2A0730EB0049AFDD /* Release */,
			);
			defaultConfigurationIsVisible = 0;
			defaultConfigurationName = Release;
		};
		896891CF2A0730EB0049AFDD /* Build configuration list for PBXNativeTarget "mapTests" */ = {
			isa = XCConfigurationList;
			buildConfigurations = (
				896891D02A0730EB0049AFDD /* Debug */,
				896891D12A0730EB0049AFDD /* Release */,
			);
			defaultConfigurationIsVisible = 0;
			defaultConfigurationName = Release;
		};
		896891D22A0730EB0049AFDD /* Build configuration list for PBXNativeTarget "mapUITests" */ = {
			isa = XCConfigurationList;
			buildConfigurations = (
				896891D32A0730EB0049AFDD /* Debug */,
				896891D42A0730EB0049AFDD /* Release */,
			);
			defaultConfigurationIsVisible = 0;
			defaultConfigurationName = Release;
		};
/* End XCConfigurationList section */
	};
	rootObject = 896891A02A0730E70049AFDD /* Project object */;
}
